
Microsoft Visual Studio Solution File, Format Version 12.00
# Visual Studio Version 16
VisualStudioVersion = 16.0.30711.63
MinimumVisualStudioVersion = 10.0.40219.1
Project("{FAE04EC0-301F-11D3-BF4B-00C04F79EFBC}") = "TrackerLibrary", "TrackerLibrary\TrackerLibrary.csproj", "{F276E2E7-7D90-477E-B0C4-1BCAA3F0D182}"
EndProject
Project("{FAE04EC0-301F-11D3-BF4B-00C04F79EFBC}") = "TrackerUI", "TrackerUI\TrackerUI.csproj", "{A889D60F-8874-4255-87FF-EED8F59D395F}"
EndProject
Global
	GlobalSection(SolutionConfigurationPlatforms) = preSolution
		Debug|Any CPU = Debug|Any CPU
		Release|Any CPU = Release|Any CPU
	EndGlobalSection
	GlobalSection(ProjectConfigurationPlatforms) = postSolution
		{F276E2E7-7D90-477E-B0C4-1BCAA3F0D182}.Debug|Any CPU.ActiveCfg = Debug|Any CPU
		{F276E2E7-7D90-477E-B0C4-1BCAA3F0D182}.Debug|Any CPU.Build.0 = Debug|Any CPU
		{F276E2E7-7D90-477E-B0C4-1BCAA3F0D182}.Release|Any CPU.ActiveCfg = Release|Any CPU
		{F276E2E7-7D90-477E-B0C4-1BCAA3F0D182}.Release|Any CPU.Build.0 = Release|Any CPU
		{A889D60F-8874-4255-87FF-EED8F59D395F}.Debug|Any CPU.ActiveCfg = Debug|Any CPU
		{A889D60F-8874-4255-87FF-EED8F59D395F}.Debug|Any CPU.Build.0 = Debug|Any CPU
		{A889D60F-8874-4255-87FF-EED8F59D395F}.Release|Any CPU.ActiveCfg = Release|Any CPU
		{A889D60F-8874-4255-87FF-EED8F59D395F}.Release|Any CPU.Build.0 = Release|Any CPU
	EndGlobalSection
	GlobalSection(SolutionProperties) = preSolution
		HideSolutionNode = FALSE
	EndGlobalSection
	GlobalSection(ExtensibilityGlobals) = postSolution
		SolutionGuid = {DFB37822-B56F-418D-91B9-23BAF5EDD4D6}
	EndGlobalSection
EndGlobal
